
Microsoft Visual Studio Solution File, Format Version 12.00
# Visual Studio 15
VisualStudioVersion = 15.0.28010.2050
MinimumVisualStudioVersion = 10.0.40219.1
Project("{FAE04EC0-301F-11D3-BF4B-00C04F79EFBC}") = "VendingMachine", "VendingMachine\VendingMachine.csproj", "{238D31A5-EB3A-456D-BF00-6990EA8B55DA}"
EndProject
Global
	GlobalSection(SolutionConfigurationPlatforms) = preSolution
		Debug|Any CPU = Debug|Any CPU
		Release|Any CPU = Release|Any CPU
	EndGlobalSection
	GlobalSection(ProjectConfigurationPlatforms) = postSolution
		{238D31A5-EB3A-456D-BF00-6990EA8B55DA}.Debug|Any CPU.ActiveCfg = Debug|Any CPU
		{238D31A5-EB3A-456D-BF00-6990EA8B55DA}.Debug|Any CPU.Build.0 = Debug|Any CPU
		{238D31A5-EB3A-456D-BF00-6990EA8B55DA}.Release|Any CPU.ActiveCfg = Release|Any CPU
		{238D31A5-EB3A-456D-BF00-6990EA8B55DA}.Release|Any CPU.Build.0 = Release|Any CPU
	EndGlobalSection
	GlobalSection(SolutionProperties) = preSolution
		HideSolutionNode = FALSE
	EndGlobalSection
	GlobalSection(ExtensibilityGlobals) = postSolution
		SolutionGuid = {04E3C886-2D25-4D59-A38A-8F3EE2F7E77E}
	EndGlobalSection
EndGlobal
